
Microsoft Visual Studio Solution File, Format Version 12.00
# Visual Studio Version 16
VisualStudioVersion = 16.0.30320.27
MinimumVisualStudioVersion = 10.0.40219.1
Project("{2150E333-8FDC-42A3-9474-1A3956D46DE8}") = "Faces", "Faces", "{C2D95B44-760B-44D2-A744-FF056F55A6CB}"
EndProject
Project("{9A19103F-16F7-4668-BE54-9A1E7A4F7556}") = "FacesAPI", "Faces\FacesAPI\FacesAPI.csproj", "{1AC32025-CAF7-471A-B85B-E5ECD5D7A60E}"
EndProject
Project("{9A19103F-16F7-4668-BE54-9A1E7A4F7556}") = "FacesAPITest", "Faces\FacesAPITest\FacesAPITest.csproj", "{690AE1C3-80C5-47A6-BC52-AF83E5B614B5}"
EndProject
Project("{2150E333-8FDC-42A3-9474-1A3956D46DE8}") = "Faces.SharedLib", "Faces.SharedLib", "{AB0E3FA9-4021-48FF-A42E-A883D0BF0465}"
EndProject
Project("{FAE04EC0-301F-11D3-BF4B-00C04F79EFBC}") = "Messaging.InterfacesConstants", "Faces.SharedLib\Messaging.InterfacesConstants\Messaging.InterfacesConstants.csproj", "{A01C2331-E3BD-48F7-BF2C-3FF5748F4823}"
EndProject
Project("{2150E333-8FDC-42A3-9474-1A3956D46DE8}") = "Faces.Web", "Faces.Web", "{10079BB3-065C-4F2B-994C-A6E364A4B5F9}"
EndProject
Project("{FAE04EC0-301F-11D3-BF4B-00C04F79EFBC}") = "Faces.WebMVC", "Faces.Web\Faces.WebMVC\Faces.WebMVC.csproj", "{4508B497-8390-456D-AFB0-B0B3BB99B180}"
EndProject
Global
	GlobalSection(SolutionConfigurationPlatforms) = preSolution
		Debug|Any CPU = Debug|Any CPU
		Release|Any CPU = Release|Any CPU
	EndGlobalSection
	GlobalSection(ProjectConfigurationPlatforms) = postSolution
		{1AC32025-CAF7-471A-B85B-E5ECD5D7A60E}.Debug|Any CPU.ActiveCfg = Debug|Any CPU
		{1AC32025-CAF7-471A-B85B-E5ECD5D7A60E}.Debug|Any CPU.Build.0 = Debug|Any CPU
		{1AC32025-CAF7-471A-B85B-E5ECD5D7A60E}.Release|Any CPU.ActiveCfg = Release|Any CPU
		{1AC32025-CAF7-471A-B85B-E5ECD5D7A60E}.Release|Any CPU.Build.0 = Release|Any CPU
		{690AE1C3-80C5-47A6-BC52-AF83E5B614B5}.Debug|Any CPU.ActiveCfg = Debug|Any CPU
		{690AE1C3-80C5-47A6-BC52-AF83E5B614B5}.Debug|Any CPU.Build.0 = Debug|Any CPU
		{690AE1C3-80C5-47A6-BC52-AF83E5B614B5}.Release|Any CPU.ActiveCfg = Release|Any CPU
		{690AE1C3-80C5-47A6-BC52-AF83E5B614B5}.Release|Any CPU.Build.0 = Release|Any CPU
		{A01C2331-E3BD-48F7-BF2C-3FF5748F4823}.Debug|Any CPU.ActiveCfg = Debug|Any CPU
		{A01C2331-E3BD-48F7-BF2C-3FF5748F4823}.Debug|Any CPU.Build.0 = Debug|Any CPU
		{A01C2331-E3BD-48F7-BF2C-3FF5748F4823}.Release|Any CPU.ActiveCfg = Release|Any CPU
		{A01C2331-E3BD-48F7-BF2C-3FF5748F4823}.Release|Any CPU.Build.0 = Release|Any CPU
		{4508B497-8390-456D-AFB0-B0B3BB99B180}.Debug|Any CPU.ActiveCfg = Debug|Any CPU
		{4508B497-8390-456D-AFB0-B0B3BB99B180}.Debug|Any CPU.Build.0 = Debug|Any CPU
		{4508B497-8390-456D-AFB0-B0B3BB99B180}.Release|Any CPU.ActiveCfg = Release|Any CPU
		{4508B497-8390-456D-AFB0-B0B3BB99B180}.Release|Any CPU.Build.0 = Release|Any CPU
	EndGlobalSection
	GlobalSection(SolutionProperties) = preSolution
		HideSolutionNode = FALSE
	EndGlobalSection
	GlobalSection(NestedProjects) = preSolution
		{1AC32025-CAF7-471A-B85B-E5ECD5D7A60E} = {C2D95B44-760B-44D2-A744-FF056F55A6CB}
		{690AE1C3-80C5-47A6-BC52-AF83E5B614B5} = {C2D95B44-760B-44D2-A744-FF056F55A6CB}
		{A01C2331-E3BD-48F7-BF2C-3FF5748F4823} = {AB0E3FA9-4021-48FF-A42E-A883D0BF0465}
		{4508B497-8390-456D-AFB0-B0B3BB99B180} = {10079BB3-065C-4F2B-994C-A6E364A4B5F9}
	EndGlobalSection
	GlobalSection(ExtensibilityGlobals) = postSolution
		SolutionGuid = {C47A53A9-061C-4CBA-8DFD-7BA686C0DC9A}
	EndGlobalSection
EndGlobal
